
Microsoft Visual Studio Solution File, Format Version 12.00
# Visual Studio Version 16
VisualStudioVersion = 16.0.28803.352
MinimumVisualStudioVersion = 10.0.40219.1
Project("{9A19103F-16F7-4668-BE54-9A1E7A4F7556}") = "BudgetMePlease", "BudgetMePlease.csproj", "{07104161-2B2E-4A75-9571-2F24A609C961}"
EndProject
Project("{FAE04EC0-301F-11D3-BF4B-00C04F79EFBC}") = "BudgetMePlease.Android", "..\BudgetMePlease.Android\BudgetMePlease.Android.csproj", "{1F6B14B2-65BC-4EA6-B2C5-161A712E8B5A}"
EndProject
Project("{FAE04EC0-301F-11D3-BF4B-00C04F79EFBC}") = "BudgetMePlease.iOS", "..\BudgetMePlease.iOS\BudgetMePlease.iOS.csproj", "{99C3F342-688F-47F1-9306-A891C1F0CB92}"
EndProject
Global
	GlobalSection(SolutionConfigurationPlatforms) = preSolution
		Debug|Any CPU = Debug|Any CPU
		Debug|iPhone = Debug|iPhone
		Debug|iPhoneSimulator = Debug|iPhoneSimulator
		Debug|x86 = Debug|x86
		Release|Any CPU = Release|Any CPU
		Release|iPhone = Release|iPhone
		Release|iPhoneSimulator = Release|iPhoneSimulator
		Release|x86 = Release|x86
	EndGlobalSection
	GlobalSection(ProjectConfigurationPlatforms) = postSolution
		{07104161-2B2E-4A75-9571-2F24A609C961}.Debug|Any CPU.ActiveCfg = Debug|Any CPU
		{07104161-2B2E-4A75-9571-2F24A609C961}.Debug|Any CPU.Build.0 = Debug|Any CPU
		{07104161-2B2E-4A75-9571-2F24A609C961}.Debug|iPhone.ActiveCfg = Debug|Any CPU
		{07104161-2B2E-4A75-9571-2F24A609C961}.Debug|iPhone.Build.0 = Debug|Any CPU
		{07104161-2B2E-4A75-9571-2F24A609C961}.Debug|iPhoneSimulator.ActiveCfg = Debug|Any CPU
		{07104161-2B2E-4A75-9571-2F24A609C961}.Debug|iPhoneSimulator.Build.0 = Debug|Any CPU
		{07104161-2B2E-4A75-9571-2F24A609C961}.Debug|x86.ActiveCfg = Debug|Any CPU
		{07104161-2B2E-4A75-9571-2F24A609C961}.Debug|x86.Build.0 = Debug|Any CPU
		{07104161-2B2E-4A75-9571-2F24A609C961}.Release|Any CPU.ActiveCfg = Release|Any CPU
		{07104161-2B2E-4A75-9571-2F24A609C961}.Release|Any CPU.Build.0 = Release|Any CPU
		{07104161-2B2E-4A75-9571-2F24A609C961}.Release|iPhone.ActiveCfg = Release|Any CPU
		{07104161-2B2E-4A75-9571-2F24A609C961}.Release|iPhone.Build.0 = Release|Any CPU
		{07104161-2B2E-4A75-9571-2F24A609C961}.Release|iPhoneSimulator.ActiveCfg = Release|Any CPU
		{07104161-2B2E-4A75-9571-2F24A609C961}.Release|iPhoneSimulator.Build.0 = Release|Any CPU
		{07104161-2B2E-4A75-9571-2F24A609C961}.Release|x86.ActiveCfg = Release|Any CPU
		{07104161-2B2E-4A75-9571-2F24A609C961}.Release|x86.Build.0 = Release|Any CPU
		{1F6B14B2-65BC-4EA6-B2C5-161A712E8B5A}.Debug|Any CPU.ActiveCfg = Debug|Any CPU
		{1F6B14B2-65BC-4EA6-B2C5-161A712E8B5A}.Debug|Any CPU.Build.0 = Debug|Any CPU
		{1F6B14B2-65BC-4EA6-B2C5-161A712E8B5A}.Debug|Any CPU.Deploy.0 = Debug|Any CPU
		{1F6B14B2-65BC-4EA6-B2C5-161A712E8B5A}.Debug|iPhone.ActiveCfg = Debug|Any CPU
		{1F6B14B2-65BC-4EA6-B2C5-161A712E8B5A}.Debug|iPhone.Build.0 = Debug|Any CPU
		{1F6B14B2-65BC-4EA6-B2C5-161A712E8B5A}.Debug|iPhone.Deploy.0 = Debug|Any CPU
		{1F6B14B2-65BC-4EA6-B2C5-161A712E8B5A}.Debug|iPhoneSimulator.ActiveCfg = Debug|Any CPU
		{1F6B14B2-65BC-4EA6-B2C5-161A712E8B5A}.Debug|iPhoneSimulator.Build.0 = Debug|Any CPU
		{1F6B14B2-65BC-4EA6-B2C5-161A712E8B5A}.Debug|iPhoneSimulator.Deploy.0 = Debug|Any CPU
		{1F6B14B2-65BC-4EA6-B2C5-161A712E8B5A}.Debug|x86.ActiveCfg = Debug|Any CPU
		{1F6B14B2-65BC-4EA6-B2C5-161A712E8B5A}.Debug|x86.Build.0 = Debug|Any CPU
		{1F6B14B2-65BC-4EA6-B2C5-161A712E8B5A}.Debug|x86.Deploy.0 = Debug|Any CPU
		{1F6B14B2-65BC-4EA6-B2C5-161A712E8B5A}.Release|Any CPU.ActiveCfg = Release|Any CPU
		{1F6B14B2-65BC-4EA6-B2C5-161A712E8B5A}.Release|Any CPU.Build.0 = Release|Any CPU
		{1F6B14B2-65BC-4EA6-B2C5-161A712E8B5A}.Release|Any CPU.Deploy.0 = Release|Any CPU
		{1F6B14B2-65BC-4EA6-B2C5-161A712E8B5A}.Release|iPhone.ActiveCfg = Release|Any CPU
		{1F6B14B2-65BC-4EA6-B2C5-161A712E8B5A}.Release|iPhone.Build.0 = Release|Any CPU
		{1F6B14B2-65BC-4EA6-B2C5-161A712E8B5A}.Release|iPhone.Deploy.0 = Release|Any CPU
		{1F6B14B2-65BC-4EA6-B2C5-161A712E8B5A}.Release|iPhoneSimulator.ActiveCfg = Release|Any CPU
		{1F6B14B2-65BC-4EA6-B2C5-161A712E8B5A}.Release|iPhoneSimulator.Build.0 = Release|Any CPU
		{1F6B14B2-65BC-4EA6-B2C5-161A712E8B5A}.Release|iPhoneSimulator.Deploy.0 = Release|Any CPU
		{1F6B14B2-65BC-4EA6-B2C5-161A712E8B5A}.Release|x86.ActiveCfg = Release|Any CPU
		{1F6B14B2-65BC-4EA6-B2C5-161A712E8B5A}.Release|x86.Build.0 = Release|Any CPU
		{1F6B14B2-65BC-4EA6-B2C5-161A712E8B5A}.Release|x86.Deploy.0 = Release|Any CPU
		{99C3F342-688F-47F1-9306-A891C1F0CB92}.Debug|Any CPU.ActiveCfg = Debug|iPhone
		{99C3F342-688F-47F1-9306-A891C1F0CB92}.Debug|Any CPU.Build.0 = Debug|iPhone
		{99C3F342-688F-47F1-9306-A891C1F0CB92}.Debug|iPhone.ActiveCfg = Debug|iPhone
		{99C3F342-688F-47F1-9306-A891C1F0CB92}.Debug|iPhone.Build.0 = Debug|iPhone
		{99C3F342-688F-47F1-9306-A891C1F0CB92}.Debug|iPhoneSimulator.ActiveCfg = Debug|iPhoneSimulator
		{99C3F342-688F-47F1-9306-A891C1F0CB92}.Debug|iPhoneSimulator.Build.0 = Debug|iPhoneSimulator
		{99C3F342-688F-47F1-9306-A891C1F0CB92}.Debug|x86.ActiveCfg = Debug|iPhone
		{99C3F342-688F-47F1-9306-A891C1F0CB92}.Release|Any CPU.ActiveCfg = Release|iPhone
		{99C3F342-688F-47F1-9306-A891C1F0CB92}.Release|iPhone.ActiveCfg = Release|iPhone
		{99C3F342-688F-47F1-9306-A891C1F0CB92}.Release|iPhone.Build.0 = Release|iPhone
		{99C3F342-688F-47F1-9306-A891C1F0CB92}.Release|iPhoneSimulator.ActiveCfg = Release|iPhoneSimulator
		{99C3F342-688F-47F1-9306-A891C1F0CB92}.Release|iPhoneSimulator.Build.0 = Release|iPhoneSimulator
		{99C3F342-688F-47F1-9306-A891C1F0CB92}.Release|x86.ActiveCfg = Release|iPhone
	EndGlobalSection
	GlobalSection(SolutionProperties) = preSolution
		HideSolutionNode = FALSE
	EndGlobalSection
	GlobalSection(ExtensibilityGlobals) = postSolution
		SolutionGuid = {32A1FEE7-65B3-4C8A-A565-4F0FEC894DFB}
	EndGlobalSection
EndGlobal
